
Microsoft Visual Studio Solution File, Format Version 12.00
# Visual Studio Version 16
VisualStudioVersion = 16.0.29215.179
MinimumVisualStudioVersion = 10.0.40219.1
Project("{FAE04EC0-301F-11D3-BF4B-00C04F79EFBC}") = "StudyFirst", "StudyFirst\StudyFirst.csproj", "{6A815B75-BABB-4A49-97B8-44B6A1F78B05}"
EndProject
Global
	GlobalSection(SolutionConfigurationPlatforms) = preSolution
		Debug|Any CPU = Debug|Any CPU
		Release|Any CPU = Release|Any CPU
	EndGlobalSection
	GlobalSection(ProjectConfigurationPlatforms) = postSolution
		{6A815B75-BABB-4A49-97B8-44B6A1F78B05}.Debug|Any CPU.ActiveCfg = Debug|Any CPU
		{6A815B75-BABB-4A49-97B8-44B6A1F78B05}.Debug|Any CPU.Build.0 = Debug|Any CPU
		{6A815B75-BABB-4A49-97B8-44B6A1F78B05}.Release|Any CPU.ActiveCfg = Release|Any CPU
		{6A815B75-BABB-4A49-97B8-44B6A1F78B05}.Release|Any CPU.Build.0 = Release|Any CPU
	EndGlobalSection
	GlobalSection(SolutionProperties) = preSolution
		HideSolutionNode = FALSE
	EndGlobalSection
	GlobalSection(ExtensibilityGlobals) = postSolution
		SolutionGuid = {0ACF305A-533A-4E31-B8D3-23104DE3589A}
	EndGlobalSection
EndGlobal
