
Microsoft Visual Studio Solution File, Format Version 12.00
# Visual Studio Version 16
VisualStudioVersion = 16.0.29215.179
MinimumVisualStudioVersion = 10.0.40219.1
Project("{FAE04EC0-301F-11D3-BF4B-00C04F79EFBC}") = "ConsoleAppStudy", "ConsoleAppStudy\ConsoleAppStudy.csproj", "{2C4CA16D-039D-4345-B0DC-14E48A2C0E79}"
EndProject
Global
	GlobalSection(SolutionConfigurationPlatforms) = preSolution
		Debug|Any CPU = Debug|Any CPU
		Release|Any CPU = Release|Any CPU
	EndGlobalSection
	GlobalSection(ProjectConfigurationPlatforms) = postSolution
		{2C4CA16D-039D-4345-B0DC-14E48A2C0E79}.Debug|Any CPU.ActiveCfg = Debug|Any CPU
		{2C4CA16D-039D-4345-B0DC-14E48A2C0E79}.Debug|Any CPU.Build.0 = Debug|Any CPU
		{2C4CA16D-039D-4345-B0DC-14E48A2C0E79}.Release|Any CPU.ActiveCfg = Release|Any CPU
		{2C4CA16D-039D-4345-B0DC-14E48A2C0E79}.Release|Any CPU.Build.0 = Release|Any CPU
	EndGlobalSection
	GlobalSection(SolutionProperties) = preSolution
		HideSolutionNode = FALSE
	EndGlobalSection
	GlobalSection(ExtensibilityGlobals) = postSolution
		SolutionGuid = {A3F9C087-1433-44B6-8ADD-0320C84A266B}
	EndGlobalSection
EndGlobal
